{
  "name": "wavesnode",
  "version": "1.0.0",
  "lockfileVersion": 1,
  "requires": true,
  "dependencies": {
    "attr-accessor": {
      "version": "0.2.2",
      "resolved": "https://registry.npmjs.org/attr-accessor/-/attr-accessor-0.2.2.tgz",
      "integrity": "sha1-uZX2rwLKAb4J8h6reTJYhY+tNFY="
    },
    "blakejs": {
      "version": "1.1.0",
      "resolved": "https://registry.npmjs.org/blakejs/-/blakejs-1.1.0.tgz",
      "integrity": "sha1-ad+S75U6qIylGjLfarHFShVfx6U="
    },
    "byte-buffer": {
      "version": "1.0.3",
      "resolved": "https://registry.npmjs.org/byte-buffer/-/byte-buffer-1.0.3.tgz",
      "integrity": "sha1-wsSkvfCoTySMU4xiclqeXrDbbVU=",
      "requires": {
        "attr-accessor": "0.2.2"
      }
    },
    "int64-buffer": {
      "version": "0.1.9",
      "resolved": "https://registry.npmjs.org/int64-buffer/-/int64-buffer-0.1.9.tgz",
      "integrity": "sha1-ngOdoEOyT3ixlrKD4EZT716ZD2E="
    }
  }
}
